<?xml version="1.0" encoding="UTF-8" standalone="yes" ?>
<CodeBlocks_project_file>
	<FileVersion major="1" minor="6" />
	<Project>
		<Option title="Lesson15" />
		<Option pch_mode="2" />
		<Option compiler="gcc" />
		<Build>
			<Target title="Debug">
				<Option output="bin/Debug/Lesson15" prefix_auto="1" extension_auto="1" />
				<Option working_dir="C:/Users/Toby/Desktop/CSCI 178/common/bin" />
				<Option object_output="obj/Debug/" />
				<Option type="1" />
				<Option compiler="gcc" />
				<Compiler>
					<Add option="-g" />
					<Add directory="include" />
				</Compiler>
			</Target>
			<Target title="Release">
				<Option output="bin/Release/Lesson15" prefix_auto="1" extension_auto="1" />
				<Option working_dir="C:/Users/Toby/Desktop/CSCI 178/common/bin" />
				<Option object_output="obj/Release/" />
				<Option type="0" />
				<Option compiler="gcc" />
				<Compiler>
					<Add option="-O2" />
					<Add directory="include" />
				</Compiler>
				<Linker>
					<Add option="-s" />
				</Linker>
			</Target>
		</Build>
		<Compiler>
			<Add option="-Wall" />
			<Add directory="C:/Users/Toby/Desktop/CSCI 178/common/include" />
		</Compiler>
		<Linker>
			<Add library="../common/lib/libSOIL.a" />
			<Add library="freeglut" />
			<Add library="opengl32" />
			<Add library="glu32" />
			<Add library="winmm" />
			<Add library="gdi32" />
			<Add library="../common/lib/glew32.lib" />
			<Add library="../common/lib/libirrKlang.a" />
			<Add directory="C:/Users/Toby/Desktop/CSCI 178/common/lib" />
		</Linker>
		<Unit filename="include/BULLET.h" />
		<Unit filename="include/_common.h" />
		<Unit filename="include/_enemy.h" />
		<Unit filename="include/_inputs.h" />
		<Unit filename="include/_lightSettings.h" />
		<Unit filename="include/_model.h" />
		<Unit filename="include/_modelVBO.h" />
		<Unit filename="include/_parallax.h" />
		<Unit filename="include/_player.h" />
		<Unit filename="include/_quad.h" />
		<Unit filename="include/_scene.h" />
		<Unit filename="include/_sounds.h" />
		<Unit filename="include/_textureLoader.h" />
		<Unit filename="include/firstShader.h" />
		<Unit filename="include/myGround.h" />
		<Unit filename="include/myPlayer.h" />
		<Unit filename="include/particle.h" />
		<Unit filename="main.cpp" />
		<Unit filename="src/BULLET.cpp" />
		<Unit filename="src/_enemy.cpp" />
		<Unit filename="src/_inputs.cpp" />
		<Unit filename="src/_lightSettings.cpp" />
		<Unit filename="src/_model.cpp" />
		<Unit filename="src/_modelVBO.cpp" />
		<Unit filename="src/_parallax.cpp" />
		<Unit filename="src/_player.cpp" />
		<Unit filename="src/_quad.cpp" />
		<Unit filename="src/_scene.cpp" />
		<Unit filename="src/_sounds.cpp" />
		<Unit filename="src/_textureLoader.cpp" />
		<Unit filename="src/firstShader.cpp" />
		<Unit filename="src/myGround.cpp" />
		<Unit filename="src/myPlayer.cpp" />
		<Unit filename="src/particle.cpp" />
		<Extensions>
			<lib_finder disable_auto="1" />
		</Extensions>
	</Project>
</CodeBlocks_project_file>
